
Microsoft Visual Studio Solution File, Format Version 12.00
# Visual Studio Version 16
VisualStudioVersion = 16.0.29306.81
MinimumVisualStudioVersion = 10.0.40219.1
Project("{FAE04EC0-301F-11D3-BF4B-00C04F79EFBC}") = "Lek07_WPFDataBinding", "Lek07_WPFDataBinding\Lek07_WPFDataBinding.csproj", "{CCC73BCF-6136-47D3-A4B7-6DB33683C923}"
EndProject
Global
	GlobalSection(SolutionConfigurationPlatforms) = preSolution
		Debug|Any CPU = Debug|Any CPU
		Release|Any CPU = Release|Any CPU
	EndGlobalSection
	GlobalSection(ProjectConfigurationPlatforms) = postSolution
		{CCC73BCF-6136-47D3-A4B7-6DB33683C923}.Debug|Any CPU.ActiveCfg = Debug|Any CPU
		{CCC73BCF-6136-47D3-A4B7-6DB33683C923}.Debug|Any CPU.Build.0 = Debug|Any CPU
		{CCC73BCF-6136-47D3-A4B7-6DB33683C923}.Release|Any CPU.ActiveCfg = Release|Any CPU
		{CCC73BCF-6136-47D3-A4B7-6DB33683C923}.Release|Any CPU.Build.0 = Release|Any CPU
	EndGlobalSection
	GlobalSection(SolutionProperties) = preSolution
		HideSolutionNode = FALSE
	EndGlobalSection
	GlobalSection(ExtensibilityGlobals) = postSolution
		SolutionGuid = {2F8ABBF6-A212-44AC-9D8F-5C177B2DB8BD}
	EndGlobalSection
EndGlobal
