
Microsoft Visual Studio Solution File, Format Version 12.00
# Visual Studio Version 16
VisualStudioVersion = 16.0.29215.179
MinimumVisualStudioVersion = 10.0.40219.1
Project("{FAE04EC0-301F-11D3-BF4B-00C04F79EFBC}") = "Lek04_Sudoku", "Lek04_Sudoku\Lek04_Sudoku.csproj", "{FA208909-BDEE-49DE-8772-ACCBEC0AC942}"
EndProject
Global
	GlobalSection(SolutionConfigurationPlatforms) = preSolution
		Debug|Any CPU = Debug|Any CPU
		Release|Any CPU = Release|Any CPU
	EndGlobalSection
	GlobalSection(ProjectConfigurationPlatforms) = postSolution
		{FA208909-BDEE-49DE-8772-ACCBEC0AC942}.Debug|Any CPU.ActiveCfg = Debug|Any CPU
		{FA208909-BDEE-49DE-8772-ACCBEC0AC942}.Debug|Any CPU.Build.0 = Debug|Any CPU
		{FA208909-BDEE-49DE-8772-ACCBEC0AC942}.Release|Any CPU.ActiveCfg = Release|Any CPU
		{FA208909-BDEE-49DE-8772-ACCBEC0AC942}.Release|Any CPU.Build.0 = Release|Any CPU
	EndGlobalSection
	GlobalSection(SolutionProperties) = preSolution
		HideSolutionNode = FALSE
	EndGlobalSection
	GlobalSection(ExtensibilityGlobals) = postSolution
		SolutionGuid = {78F0AC16-ED69-444B-AC63-F4FB07CB4403}
	EndGlobalSection
EndGlobal
